
Microsoft Visual Studio Solution File, Format Version 12.00
# Visual Studio Version 16
VisualStudioVersion = 16.0.28729.10
MinimumVisualStudioVersion = 10.0.40219.1
Project("{8BC9CEB8-8B4A-11D0-8D11-00A0C91BC942}") = "17143", "17143\17143.vcxproj", "{F0C9235C-76D2-4780-BA51-DF50A6D69E23}"
EndProject
Project("{8BC9CEB8-8B4A-11D0-8D11-00A0C91BC942}") = "learning", "learning\learning.vcxproj", "{23910CA6-1A99-43AA-8B00-8657269891D0}"
EndProject
Project("{8BC9CEB8-8B4A-11D0-8D11-00A0C91BC942}") = "1753", "1753\1753.vcxproj", "{ADD76CCA-F6DF-416A-B521-6D6B2B7413B4}"
EndProject
Project("{8BC9CEB8-8B4A-11D0-8D11-00A0C91BC942}") = "2468", "2468\2468.vcxproj", "{9280098C-D43B-4A3D-9B2C-6973170542D4}"
EndProject
Project("{8BC9CEB8-8B4A-11D0-8D11-00A0C91BC942}") = "17144", "17144\17144.vcxproj", "{5AE89C78-AD92-48AE-8EE3-6040EB73E30A}"
EndProject
Project("{8BC9CEB8-8B4A-11D0-8D11-00A0C91BC942}") = "sk_cnc_3", "sk_cnc_3\sk_cnc_3.vcxproj", "{37A7BFF0-3438-4125-87F4-A91F17409EDC}"
EndProject
Project("{8BC9CEB8-8B4A-11D0-8D11-00A0C91BC942}") = "sk_cnc_1", "sk_cnc_1\sk_cnc_1.vcxproj", "{3A04D630-755F-4134-8EE8-39FCCEE3CDA1}"
EndProject
Project("{8BC9CEB8-8B4A-11D0-8D11-00A0C91BC942}") = "sk_cnc_2", "sk_cnc_2\sk_cnc_2.vcxproj", "{E7DC92F2-533C-4C80-901C-A7D669428E44}"
EndProject
Project("{8BC9CEB8-8B4A-11D0-8D11-00A0C91BC942}") = "1003", "1003\1003.vcxproj", "{1966B31B-FD48-4035-9A97-B1C3763E8245}"
EndProject
Global
	GlobalSection(SolutionConfigurationPlatforms) = preSolution
		Debug|x64 = Debug|x64
		Debug|x86 = Debug|x86
		Release|x64 = Release|x64
		Release|x86 = Release|x86
	EndGlobalSection
	GlobalSection(ProjectConfigurationPlatforms) = postSolution
		{F0C9235C-76D2-4780-BA51-DF50A6D69E23}.Debug|x64.ActiveCfg = Debug|x64
		{F0C9235C-76D2-4780-BA51-DF50A6D69E23}.Debug|x64.Build.0 = Debug|x64
		{F0C9235C-76D2-4780-BA51-DF50A6D69E23}.Debug|x86.ActiveCfg = Debug|Win32
		{F0C9235C-76D2-4780-BA51-DF50A6D69E23}.Debug|x86.Build.0 = Debug|Win32
		{F0C9235C-76D2-4780-BA51-DF50A6D69E23}.Release|x64.ActiveCfg = Release|x64
		{F0C9235C-76D2-4780-BA51-DF50A6D69E23}.Release|x64.Build.0 = Release|x64
		{F0C9235C-76D2-4780-BA51-DF50A6D69E23}.Release|x86.ActiveCfg = Release|Win32
		{F0C9235C-76D2-4780-BA51-DF50A6D69E23}.Release|x86.Build.0 = Release|Win32
		{23910CA6-1A99-43AA-8B00-8657269891D0}.Debug|x64.ActiveCfg = Debug|x64
		{23910CA6-1A99-43AA-8B00-8657269891D0}.Debug|x64.Build.0 = Debug|x64
		{23910CA6-1A99-43AA-8B00-8657269891D0}.Debug|x86.ActiveCfg = Debug|Win32
		{23910CA6-1A99-43AA-8B00-8657269891D0}.Debug|x86.Build.0 = Debug|Win32
		{23910CA6-1A99-43AA-8B00-8657269891D0}.Release|x64.ActiveCfg = Release|x64
		{23910CA6-1A99-43AA-8B00-8657269891D0}.Release|x64.Build.0 = Release|x64
		{23910CA6-1A99-43AA-8B00-8657269891D0}.Release|x86.ActiveCfg = Release|Win32
		{23910CA6-1A99-43AA-8B00-8657269891D0}.Release|x86.Build.0 = Release|Win32
		{ADD76CCA-F6DF-416A-B521-6D6B2B7413B4}.Debug|x64.ActiveCfg = Debug|x64
		{ADD76CCA-F6DF-416A-B521-6D6B2B7413B4}.Debug|x64.Build.0 = Debug|x64
		{ADD76CCA-F6DF-416A-B521-6D6B2B7413B4}.Debug|x86.ActiveCfg = Debug|Win32
		{ADD76CCA-F6DF-416A-B521-6D6B2B7413B4}.Debug|x86.Build.0 = Debug|Win32
		{ADD76CCA-F6DF-416A-B521-6D6B2B7413B4}.Release|x64.ActiveCfg = Release|x64
		{ADD76CCA-F6DF-416A-B521-6D6B2B7413B4}.Release|x64.Build.0 = Release|x64
		{ADD76CCA-F6DF-416A-B521-6D6B2B7413B4}.Release|x86.ActiveCfg = Release|Win32
		{ADD76CCA-F6DF-416A-B521-6D6B2B7413B4}.Release|x86.Build.0 = Release|Win32
		{9280098C-D43B-4A3D-9B2C-6973170542D4}.Debug|x64.ActiveCfg = Debug|x64
		{9280098C-D43B-4A3D-9B2C-6973170542D4}.Debug|x64.Build.0 = Debug|x64
		{9280098C-D43B-4A3D-9B2C-6973170542D4}.Debug|x86.ActiveCfg = Debug|Win32
		{9280098C-D43B-4A3D-9B2C-6973170542D4}.Debug|x86.Build.0 = Debug|Win32
		{9280098C-D43B-4A3D-9B2C-6973170542D4}.Release|x64.ActiveCfg = Release|x64
		{9280098C-D43B-4A3D-9B2C-6973170542D4}.Release|x64.Build.0 = Release|x64
		{9280098C-D43B-4A3D-9B2C-6973170542D4}.Release|x86.ActiveCfg = Release|Win32
		{9280098C-D43B-4A3D-9B2C-6973170542D4}.Release|x86.Build.0 = Release|Win32
		{5AE89C78-AD92-48AE-8EE3-6040EB73E30A}.Debug|x64.ActiveCfg = Debug|x64
		{5AE89C78-AD92-48AE-8EE3-6040EB73E30A}.Debug|x64.Build.0 = Debug|x64
		{5AE89C78-AD92-48AE-8EE3-6040EB73E30A}.Debug|x86.ActiveCfg = Debug|Win32
		{5AE89C78-AD92-48AE-8EE3-6040EB73E30A}.Debug|x86.Build.0 = Debug|Win32
		{5AE89C78-AD92-48AE-8EE3-6040EB73E30A}.Release|x64.ActiveCfg = Release|x64
		{5AE89C78-AD92-48AE-8EE3-6040EB73E30A}.Release|x64.Build.0 = Release|x64
		{5AE89C78-AD92-48AE-8EE3-6040EB73E30A}.Release|x86.ActiveCfg = Release|Win32
		{5AE89C78-AD92-48AE-8EE3-6040EB73E30A}.Release|x86.Build.0 = Release|Win32
		{37A7BFF0-3438-4125-87F4-A91F17409EDC}.Debug|x64.ActiveCfg = Debug|x64
		{37A7BFF0-3438-4125-87F4-A91F17409EDC}.Debug|x64.Build.0 = Debug|x64
		{37A7BFF0-3438-4125-87F4-A91F17409EDC}.Debug|x86.ActiveCfg = Debug|Win32
		{37A7BFF0-3438-4125-87F4-A91F17409EDC}.Debug|x86.Build.0 = Debug|Win32
		{37A7BFF0-3438-4125-87F4-A91F17409EDC}.Release|x64.ActiveCfg = Release|x64
		{37A7BFF0-3438-4125-87F4-A91F17409EDC}.Release|x64.Build.0 = Release|x64
		{37A7BFF0-3438-4125-87F4-A91F17409EDC}.Release|x86.ActiveCfg = Release|Win32
		{37A7BFF0-3438-4125-87F4-A91F17409EDC}.Release|x86.Build.0 = Release|Win32
		{3A04D630-755F-4134-8EE8-39FCCEE3CDA1}.Debug|x64.ActiveCfg = Debug|x64
		{3A04D630-755F-4134-8EE8-39FCCEE3CDA1}.Debug|x64.Build.0 = Debug|x64
		{3A04D630-755F-4134-8EE8-39FCCEE3CDA1}.Debug|x86.ActiveCfg = Debug|Win32
		{3A04D630-755F-4134-8EE8-39FCCEE3CDA1}.Debug|x86.Build.0 = Debug|Win32
		{3A04D630-755F-4134-8EE8-39FCCEE3CDA1}.Release|x64.ActiveCfg = Release|x64
		{3A04D630-755F-4134-8EE8-39FCCEE3CDA1}.Release|x64.Build.0 = Release|x64
		{3A04D630-755F-4134-8EE8-39FCCEE3CDA1}.Release|x86.ActiveCfg = Release|Win32
		{3A04D630-755F-4134-8EE8-39FCCEE3CDA1}.Release|x86.Build.0 = Release|Win32
		{E7DC92F2-533C-4C80-901C-A7D669428E44}.Debug|x64.ActiveCfg = Debug|x64
		{E7DC92F2-533C-4C80-901C-A7D669428E44}.Debug|x64.Build.0 = Debug|x64
		{E7DC92F2-533C-4C80-901C-A7D669428E44}.Debug|x86.ActiveCfg = Debug|Win32
		{E7DC92F2-533C-4C80-901C-A7D669428E44}.Debug|x86.Build.0 = Debug|Win32
		{E7DC92F2-533C-4C80-901C-A7D669428E44}.Release|x64.ActiveCfg = Release|x64
		{E7DC92F2-533C-4C80-901C-A7D669428E44}.Release|x64.Build.0 = Release|x64
		{E7DC92F2-533C-4C80-901C-A7D669428E44}.Release|x86.ActiveCfg = Release|Win32
		{E7DC92F2-533C-4C80-901C-A7D669428E44}.Release|x86.Build.0 = Release|Win32
		{1966B31B-FD48-4035-9A97-B1C3763E8245}.Debug|x64.ActiveCfg = Debug|x64
		{1966B31B-FD48-4035-9A97-B1C3763E8245}.Debug|x64.Build.0 = Debug|x64
		{1966B31B-FD48-4035-9A97-B1C3763E8245}.Debug|x86.ActiveCfg = Debug|Win32
		{1966B31B-FD48-4035-9A97-B1C3763E8245}.Debug|x86.Build.0 = Debug|Win32
		{1966B31B-FD48-4035-9A97-B1C3763E8245}.Release|x64.ActiveCfg = Release|x64
		{1966B31B-FD48-4035-9A97-B1C3763E8245}.Release|x64.Build.0 = Release|x64
		{1966B31B-FD48-4035-9A97-B1C3763E8245}.Release|x86.ActiveCfg = Release|Win32
		{1966B31B-FD48-4035-9A97-B1C3763E8245}.Release|x86.Build.0 = Release|Win32
	EndGlobalSection
	GlobalSection(SolutionProperties) = preSolution
		HideSolutionNode = FALSE
	EndGlobalSection
	GlobalSection(ExtensibilityGlobals) = postSolution
		SolutionGuid = {D0BECE4A-8561-4AC8-B683-7C8ACF22626B}
	EndGlobalSection
EndGlobal
