
Microsoft Visual Studio Solution File, Format Version 12.00
# Visual Studio 14
VisualStudioVersion = 14.0.25420.1
MinimumVisualStudioVersion = 10.0.40219.1
Project("{8BC9CEB8-8B4A-11D0-8D11-00A0C91BC942}") = "17143", "17143\17143.vcxproj", "{F0C9235C-76D2-4780-BA51-DF50A6D69E23}"
EndProject
Project("{8BC9CEB8-8B4A-11D0-8D11-00A0C91BC942}") = "learning", "learning\learning.vcxproj", "{23910CA6-1A99-43AA-8B00-8657269891D0}"
EndProject
Project("{8BC9CEB8-8B4A-11D0-8D11-00A0C91BC942}") = "1753", "1753\1753.vcxproj", "{ADD76CCA-F6DF-416A-B521-6D6B2B7413B4}"
EndProject
Global
	GlobalSection(SolutionConfigurationPlatforms) = preSolution
		Debug|x64 = Debug|x64
		Debug|x86 = Debug|x86
		Release|x64 = Release|x64
		Release|x86 = Release|x86
	EndGlobalSection
	GlobalSection(ProjectConfigurationPlatforms) = postSolution
		{F0C9235C-76D2-4780-BA51-DF50A6D69E23}.Debug|x64.ActiveCfg = Debug|x64
		{F0C9235C-76D2-4780-BA51-DF50A6D69E23}.Debug|x64.Build.0 = Debug|x64
		{F0C9235C-76D2-4780-BA51-DF50A6D69E23}.Debug|x86.ActiveCfg = Debug|Win32
		{F0C9235C-76D2-4780-BA51-DF50A6D69E23}.Debug|x86.Build.0 = Debug|Win32
		{F0C9235C-76D2-4780-BA51-DF50A6D69E23}.Release|x64.ActiveCfg = Release|x64
		{F0C9235C-76D2-4780-BA51-DF50A6D69E23}.Release|x64.Build.0 = Release|x64
		{F0C9235C-76D2-4780-BA51-DF50A6D69E23}.Release|x86.ActiveCfg = Release|Win32
		{F0C9235C-76D2-4780-BA51-DF50A6D69E23}.Release|x86.Build.0 = Release|Win32
		{23910CA6-1A99-43AA-8B00-8657269891D0}.Debug|x64.ActiveCfg = Debug|x64
		{23910CA6-1A99-43AA-8B00-8657269891D0}.Debug|x64.Build.0 = Debug|x64
		{23910CA6-1A99-43AA-8B00-8657269891D0}.Debug|x86.ActiveCfg = Debug|Win32
		{23910CA6-1A99-43AA-8B00-8657269891D0}.Debug|x86.Build.0 = Debug|Win32
		{23910CA6-1A99-43AA-8B00-8657269891D0}.Release|x64.ActiveCfg = Release|x64
		{23910CA6-1A99-43AA-8B00-8657269891D0}.Release|x64.Build.0 = Release|x64
		{23910CA6-1A99-43AA-8B00-8657269891D0}.Release|x86.ActiveCfg = Release|Win32
		{23910CA6-1A99-43AA-8B00-8657269891D0}.Release|x86.Build.0 = Release|Win32
		{ADD76CCA-F6DF-416A-B521-6D6B2B7413B4}.Debug|x64.ActiveCfg = Debug|x64
		{ADD76CCA-F6DF-416A-B521-6D6B2B7413B4}.Debug|x64.Build.0 = Debug|x64
		{ADD76CCA-F6DF-416A-B521-6D6B2B7413B4}.Debug|x86.ActiveCfg = Debug|Win32
		{ADD76CCA-F6DF-416A-B521-6D6B2B7413B4}.Debug|x86.Build.0 = Debug|Win32
		{ADD76CCA-F6DF-416A-B521-6D6B2B7413B4}.Release|x64.ActiveCfg = Release|x64
		{ADD76CCA-F6DF-416A-B521-6D6B2B7413B4}.Release|x64.Build.0 = Release|x64
		{ADD76CCA-F6DF-416A-B521-6D6B2B7413B4}.Release|x86.ActiveCfg = Release|Win32
		{ADD76CCA-F6DF-416A-B521-6D6B2B7413B4}.Release|x86.Build.0 = Release|Win32
	EndGlobalSection
	GlobalSection(SolutionProperties) = preSolution
		HideSolutionNode = FALSE
	EndGlobalSection
EndGlobal
