
Microsoft Visual Studio Solution File, Format Version 12.00
# Visual Studio Version 16
VisualStudioVersion = 16.0.29001.49
MinimumVisualStudioVersion = 10.0.40219.1
Project("{8BC9CEB8-8B4A-11D0-8D11-00A0C91BC942}") = "17143", "17143\17143.vcxproj", "{F0C9235C-76D2-4780-BA51-DF50A6D69E23}"
EndProject
Project("{8BC9CEB8-8B4A-11D0-8D11-00A0C91BC942}") = "learning", "learning\learning.vcxproj", "{23910CA6-1A99-43AA-8B00-8657269891D0}"
EndProject
Project("{8BC9CEB8-8B4A-11D0-8D11-00A0C91BC942}") = "1753", "1753\1753.vcxproj", "{ADD76CCA-F6DF-416A-B521-6D6B2B7413B4}"
EndProject
Project("{8BC9CEB8-8B4A-11D0-8D11-00A0C91BC942}") = "2468", "2468\2468.vcxproj", "{9280098C-D43B-4A3D-9B2C-6973170542D4}"
EndProject
Project("{8BC9CEB8-8B4A-11D0-8D11-00A0C91BC942}") = "17144", "17144\17144.vcxproj", "{5AE89C78-AD92-48AE-8EE3-6040EB73E30A}"
EndProject
Project("{8BC9CEB8-8B4A-11D0-8D11-00A0C91BC942}") = "sk_cnc_3", "sk_cnc_3\sk_cnc_3.vcxproj", "{37A7BFF0-3438-4125-87F4-A91F17409EDC}"
EndProject
Project("{8BC9CEB8-8B4A-11D0-8D11-00A0C91BC942}") = "sk_cnc_1", "sk_cnc_1\sk_cnc_1.vcxproj", "{3A04D630-755F-4134-8EE8-39FCCEE3CDA1}"
EndProject
Project("{8BC9CEB8-8B4A-11D0-8D11-00A0C91BC942}") = "sk_cnc_2", "sk_cnc_2\sk_cnc_2.vcxproj", "{A291527C-8E2B-42FA-AE4C-4C231891DBFE}"
EndProject
Project("{8BC9CEB8-8B4A-11D0-8D11-00A0C91BC942}") = "1003", "1003\1003.vcxproj", "{1966B31B-FD48-4035-9A97-B1C3763E8245}"
EndProject
Project("{8BC9CEB8-8B4A-11D0-8D11-00A0C91BC942}") = "1074", "1074\1074.vcxproj", "{D3E0FAC4-9D98-4945-A5DE-0D0E470FCECC}"
EndProject
Project("{8BC9CEB8-8B4A-11D0-8D11-00A0C91BC942}") = "4811", "4811\4811.vcxproj", "{79E417F1-1BC7-4989-A453-51AA3FEB419D}"
EndProject
Project("{8BC9CEB8-8B4A-11D0-8D11-00A0C91BC942}") = "10828", "10828\10828.vcxproj", "{2544CC65-C405-447B-8589-5301F8AD4903}"
EndProject
Project("{8BC9CEB8-8B4A-11D0-8D11-00A0C91BC942}") = "2493", "2493\2493.vcxproj", "{D39677FD-3F58-4686-B4A6-A9A7971805A0}"
EndProject
Project("{8BC9CEB8-8B4A-11D0-8D11-00A0C91BC942}") = "3986", "3986\3986.vcxproj", "{D3FD75C7-5C40-46C8-82F7-F117925D8C4B}"
EndProject
Project("{8BC9CEB8-8B4A-11D0-8D11-00A0C91BC942}") = "1238", "1238\1238.vcxproj", "{4A885657-85EB-4A04-A781-B27ABBE7BEB9}"
EndProject
Project("{8BC9CEB8-8B4A-11D0-8D11-00A0C91BC942}") = "4485", "4485\4485.vcxproj", "{F390E358-3499-48DB-91BB-99F877B1F4A4}"
EndProject
Project("{8BC9CEB8-8B4A-11D0-8D11-00A0C91BC942}") = "6118", "6118\6118.vcxproj", "{D85495C6-C64E-4737-8862-34A0913CC182}"
EndProject
Project("{8BC9CEB8-8B4A-11D0-8D11-00A0C91BC942}") = "5427", "5427\5427.vcxproj", "{D1D77465-5DA2-4D87-B109-BD694942F31F}"
EndProject
Project("{8BC9CEB8-8B4A-11D0-8D11-00A0C91BC942}") = "7575", "7575\7575.vcxproj", "{1BA07578-790A-4E00-9869-BD0284506984}"
EndProject
Project("{8BC9CEB8-8B4A-11D0-8D11-00A0C91BC942}") = "PhoneBook", "PhoneBook\PhoneBook.vcxproj", "{C5D30FDB-6347-4D2E-AE61-4ED491033803}"
EndProject
Project("{8BC9CEB8-8B4A-11D0-8D11-00A0C91BC942}") = "Camouflage", "Camouflage\Camouflage.vcxproj", "{2542C0FE-D3C7-4584-A940-2461BC30723E}"
EndProject
Project("{8BC9CEB8-8B4A-11D0-8D11-00A0C91BC942}") = "Boggle", "Boggle\Boggle.vcxproj", "{D2B62DDD-D1B5-432B-866D-C2193D62E94D}"
EndProject
Project("{8BC9CEB8-8B4A-11D0-8D11-00A0C91BC942}") = "Picnic", "Picnic\Picnic.vcxproj", "{3B9CC556-E869-4353-BDC9-11D587E1FC95}"
EndProject
Project("{8BC9CEB8-8B4A-11D0-8D11-00A0C91BC942}") = "BoardCover", "BoardCover\BoardCover.vcxproj", "{8224A7DE-466B-4BB2-A887-6AAEDD05F8D4}"
EndProject
Project("{8BC9CEB8-8B4A-11D0-8D11-00A0C91BC942}") = "Heap", "Heap\Heap.vcxproj", "{93E22833-5EBC-4DE5-9B9D-FB37D5F1DA59}"
EndProject
Project("{8BC9CEB8-8B4A-11D0-8D11-00A0C91BC942}") = "Budget", "Budget\Budget.vcxproj", "{7F95FAAC-F197-4D0A-A312-C300D2DDF4CB}"
EndProject
Global
	GlobalSection(SolutionConfigurationPlatforms) = preSolution
		Debug|x64 = Debug|x64
		Debug|x86 = Debug|x86
		Release|x64 = Release|x64
		Release|x86 = Release|x86
	EndGlobalSection
	GlobalSection(ProjectConfigurationPlatforms) = postSolution
		{F0C9235C-76D2-4780-BA51-DF50A6D69E23}.Debug|x64.ActiveCfg = Debug|x64
		{F0C9235C-76D2-4780-BA51-DF50A6D69E23}.Debug|x64.Build.0 = Debug|x64
		{F0C9235C-76D2-4780-BA51-DF50A6D69E23}.Debug|x86.ActiveCfg = Debug|Win32
		{F0C9235C-76D2-4780-BA51-DF50A6D69E23}.Debug|x86.Build.0 = Debug|Win32
		{F0C9235C-76D2-4780-BA51-DF50A6D69E23}.Release|x64.ActiveCfg = Release|x64
		{F0C9235C-76D2-4780-BA51-DF50A6D69E23}.Release|x64.Build.0 = Release|x64
		{F0C9235C-76D2-4780-BA51-DF50A6D69E23}.Release|x86.ActiveCfg = Release|Win32
		{F0C9235C-76D2-4780-BA51-DF50A6D69E23}.Release|x86.Build.0 = Release|Win32
		{23910CA6-1A99-43AA-8B00-8657269891D0}.Debug|x64.ActiveCfg = Debug|x64
		{23910CA6-1A99-43AA-8B00-8657269891D0}.Debug|x64.Build.0 = Debug|x64
		{23910CA6-1A99-43AA-8B00-8657269891D0}.Debug|x86.ActiveCfg = Debug|Win32
		{23910CA6-1A99-43AA-8B00-8657269891D0}.Debug|x86.Build.0 = Debug|Win32
		{23910CA6-1A99-43AA-8B00-8657269891D0}.Release|x64.ActiveCfg = Release|x64
		{23910CA6-1A99-43AA-8B00-8657269891D0}.Release|x64.Build.0 = Release|x64
		{23910CA6-1A99-43AA-8B00-8657269891D0}.Release|x86.ActiveCfg = Release|Win32
		{23910CA6-1A99-43AA-8B00-8657269891D0}.Release|x86.Build.0 = Release|Win32
		{ADD76CCA-F6DF-416A-B521-6D6B2B7413B4}.Debug|x64.ActiveCfg = Debug|x64
		{ADD76CCA-F6DF-416A-B521-6D6B2B7413B4}.Debug|x64.Build.0 = Debug|x64
		{ADD76CCA-F6DF-416A-B521-6D6B2B7413B4}.Debug|x86.ActiveCfg = Debug|Win32
		{ADD76CCA-F6DF-416A-B521-6D6B2B7413B4}.Debug|x86.Build.0 = Debug|Win32
		{ADD76CCA-F6DF-416A-B521-6D6B2B7413B4}.Release|x64.ActiveCfg = Release|x64
		{ADD76CCA-F6DF-416A-B521-6D6B2B7413B4}.Release|x64.Build.0 = Release|x64
		{ADD76CCA-F6DF-416A-B521-6D6B2B7413B4}.Release|x86.ActiveCfg = Release|Win32
		{ADD76CCA-F6DF-416A-B521-6D6B2B7413B4}.Release|x86.Build.0 = Release|Win32
		{9280098C-D43B-4A3D-9B2C-6973170542D4}.Debug|x64.ActiveCfg = Debug|x64
		{9280098C-D43B-4A3D-9B2C-6973170542D4}.Debug|x64.Build.0 = Debug|x64
		{9280098C-D43B-4A3D-9B2C-6973170542D4}.Debug|x86.ActiveCfg = Debug|Win32
		{9280098C-D43B-4A3D-9B2C-6973170542D4}.Debug|x86.Build.0 = Debug|Win32
		{9280098C-D43B-4A3D-9B2C-6973170542D4}.Release|x64.ActiveCfg = Release|x64
		{9280098C-D43B-4A3D-9B2C-6973170542D4}.Release|x64.Build.0 = Release|x64
		{9280098C-D43B-4A3D-9B2C-6973170542D4}.Release|x86.ActiveCfg = Release|Win32
		{9280098C-D43B-4A3D-9B2C-6973170542D4}.Release|x86.Build.0 = Release|Win32
		{5AE89C78-AD92-48AE-8EE3-6040EB73E30A}.Debug|x64.ActiveCfg = Debug|x64
		{5AE89C78-AD92-48AE-8EE3-6040EB73E30A}.Debug|x64.Build.0 = Debug|x64
		{5AE89C78-AD92-48AE-8EE3-6040EB73E30A}.Debug|x86.ActiveCfg = Debug|Win32
		{5AE89C78-AD92-48AE-8EE3-6040EB73E30A}.Debug|x86.Build.0 = Debug|Win32
		{5AE89C78-AD92-48AE-8EE3-6040EB73E30A}.Release|x64.ActiveCfg = Release|x64
		{5AE89C78-AD92-48AE-8EE3-6040EB73E30A}.Release|x64.Build.0 = Release|x64
		{5AE89C78-AD92-48AE-8EE3-6040EB73E30A}.Release|x86.ActiveCfg = Release|Win32
		{5AE89C78-AD92-48AE-8EE3-6040EB73E30A}.Release|x86.Build.0 = Release|Win32
		{37A7BFF0-3438-4125-87F4-A91F17409EDC}.Debug|x64.ActiveCfg = Debug|x64
		{37A7BFF0-3438-4125-87F4-A91F17409EDC}.Debug|x64.Build.0 = Debug|x64
		{37A7BFF0-3438-4125-87F4-A91F17409EDC}.Debug|x86.ActiveCfg = Debug|Win32
		{37A7BFF0-3438-4125-87F4-A91F17409EDC}.Debug|x86.Build.0 = Debug|Win32
		{37A7BFF0-3438-4125-87F4-A91F17409EDC}.Release|x64.ActiveCfg = Release|x64
		{37A7BFF0-3438-4125-87F4-A91F17409EDC}.Release|x64.Build.0 = Release|x64
		{37A7BFF0-3438-4125-87F4-A91F17409EDC}.Release|x86.ActiveCfg = Release|Win32
		{37A7BFF0-3438-4125-87F4-A91F17409EDC}.Release|x86.Build.0 = Release|Win32
		{3A04D630-755F-4134-8EE8-39FCCEE3CDA1}.Debug|x64.ActiveCfg = Debug|x64
		{3A04D630-755F-4134-8EE8-39FCCEE3CDA1}.Debug|x64.Build.0 = Debug|x64
		{3A04D630-755F-4134-8EE8-39FCCEE3CDA1}.Debug|x86.ActiveCfg = Debug|Win32
		{3A04D630-755F-4134-8EE8-39FCCEE3CDA1}.Debug|x86.Build.0 = Debug|Win32
		{3A04D630-755F-4134-8EE8-39FCCEE3CDA1}.Release|x64.ActiveCfg = Release|x64
		{3A04D630-755F-4134-8EE8-39FCCEE3CDA1}.Release|x64.Build.0 = Release|x64
		{3A04D630-755F-4134-8EE8-39FCCEE3CDA1}.Release|x86.ActiveCfg = Release|Win32
		{3A04D630-755F-4134-8EE8-39FCCEE3CDA1}.Release|x86.Build.0 = Release|Win32
		{A291527C-8E2B-42FA-AE4C-4C231891DBFE}.Debug|x64.ActiveCfg = Debug|x64
		{A291527C-8E2B-42FA-AE4C-4C231891DBFE}.Debug|x64.Build.0 = Debug|x64
		{A291527C-8E2B-42FA-AE4C-4C231891DBFE}.Debug|x86.ActiveCfg = Debug|Win32
		{A291527C-8E2B-42FA-AE4C-4C231891DBFE}.Debug|x86.Build.0 = Debug|Win32
		{A291527C-8E2B-42FA-AE4C-4C231891DBFE}.Release|x64.ActiveCfg = Release|x64
		{A291527C-8E2B-42FA-AE4C-4C231891DBFE}.Release|x64.Build.0 = Release|x64
		{A291527C-8E2B-42FA-AE4C-4C231891DBFE}.Release|x86.ActiveCfg = Release|Win32
		{A291527C-8E2B-42FA-AE4C-4C231891DBFE}.Release|x86.Build.0 = Release|Win32
		{1966B31B-FD48-4035-9A97-B1C3763E8245}.Debug|x64.ActiveCfg = Debug|x64
		{1966B31B-FD48-4035-9A97-B1C3763E8245}.Debug|x64.Build.0 = Debug|x64
		{1966B31B-FD48-4035-9A97-B1C3763E8245}.Debug|x86.ActiveCfg = Debug|Win32
		{1966B31B-FD48-4035-9A97-B1C3763E8245}.Debug|x86.Build.0 = Debug|Win32
		{1966B31B-FD48-4035-9A97-B1C3763E8245}.Release|x64.ActiveCfg = Release|x64
		{1966B31B-FD48-4035-9A97-B1C3763E8245}.Release|x64.Build.0 = Release|x64
		{1966B31B-FD48-4035-9A97-B1C3763E8245}.Release|x86.ActiveCfg = Release|Win32
		{1966B31B-FD48-4035-9A97-B1C3763E8245}.Release|x86.Build.0 = Release|Win32
		{D3E0FAC4-9D98-4945-A5DE-0D0E470FCECC}.Debug|x64.ActiveCfg = Debug|x64
		{D3E0FAC4-9D98-4945-A5DE-0D0E470FCECC}.Debug|x64.Build.0 = Debug|x64
		{D3E0FAC4-9D98-4945-A5DE-0D0E470FCECC}.Debug|x86.ActiveCfg = Debug|Win32
		{D3E0FAC4-9D98-4945-A5DE-0D0E470FCECC}.Debug|x86.Build.0 = Debug|Win32
		{D3E0FAC4-9D98-4945-A5DE-0D0E470FCECC}.Release|x64.ActiveCfg = Release|x64
		{D3E0FAC4-9D98-4945-A5DE-0D0E470FCECC}.Release|x64.Build.0 = Release|x64
		{D3E0FAC4-9D98-4945-A5DE-0D0E470FCECC}.Release|x86.ActiveCfg = Release|Win32
		{D3E0FAC4-9D98-4945-A5DE-0D0E470FCECC}.Release|x86.Build.0 = Release|Win32
		{79E417F1-1BC7-4989-A453-51AA3FEB419D}.Debug|x64.ActiveCfg = Debug|x64
		{79E417F1-1BC7-4989-A453-51AA3FEB419D}.Debug|x64.Build.0 = Debug|x64
		{79E417F1-1BC7-4989-A453-51AA3FEB419D}.Debug|x86.ActiveCfg = Debug|Win32
		{79E417F1-1BC7-4989-A453-51AA3FEB419D}.Debug|x86.Build.0 = Debug|Win32
		{79E417F1-1BC7-4989-A453-51AA3FEB419D}.Release|x64.ActiveCfg = Release|x64
		{79E417F1-1BC7-4989-A453-51AA3FEB419D}.Release|x64.Build.0 = Release|x64
		{79E417F1-1BC7-4989-A453-51AA3FEB419D}.Release|x86.ActiveCfg = Release|Win32
		{79E417F1-1BC7-4989-A453-51AA3FEB419D}.Release|x86.Build.0 = Release|Win32
		{2544CC65-C405-447B-8589-5301F8AD4903}.Debug|x64.ActiveCfg = Debug|x64
		{2544CC65-C405-447B-8589-5301F8AD4903}.Debug|x64.Build.0 = Debug|x64
		{2544CC65-C405-447B-8589-5301F8AD4903}.Debug|x86.ActiveCfg = Debug|Win32
		{2544CC65-C405-447B-8589-5301F8AD4903}.Debug|x86.Build.0 = Debug|Win32
		{2544CC65-C405-447B-8589-5301F8AD4903}.Release|x64.ActiveCfg = Release|x64
		{2544CC65-C405-447B-8589-5301F8AD4903}.Release|x64.Build.0 = Release|x64
		{2544CC65-C405-447B-8589-5301F8AD4903}.Release|x86.ActiveCfg = Release|Win32
		{2544CC65-C405-447B-8589-5301F8AD4903}.Release|x86.Build.0 = Release|Win32
		{D39677FD-3F58-4686-B4A6-A9A7971805A0}.Debug|x64.ActiveCfg = Debug|x64
		{D39677FD-3F58-4686-B4A6-A9A7971805A0}.Debug|x64.Build.0 = Debug|x64
		{D39677FD-3F58-4686-B4A6-A9A7971805A0}.Debug|x86.ActiveCfg = Debug|Win32
		{D39677FD-3F58-4686-B4A6-A9A7971805A0}.Debug|x86.Build.0 = Debug|Win32
		{D39677FD-3F58-4686-B4A6-A9A7971805A0}.Release|x64.ActiveCfg = Release|x64
		{D39677FD-3F58-4686-B4A6-A9A7971805A0}.Release|x64.Build.0 = Release|x64
		{D39677FD-3F58-4686-B4A6-A9A7971805A0}.Release|x86.ActiveCfg = Release|Win32
		{D39677FD-3F58-4686-B4A6-A9A7971805A0}.Release|x86.Build.0 = Release|Win32
		{D3FD75C7-5C40-46C8-82F7-F117925D8C4B}.Debug|x64.ActiveCfg = Debug|x64
		{D3FD75C7-5C40-46C8-82F7-F117925D8C4B}.Debug|x64.Build.0 = Debug|x64
		{D3FD75C7-5C40-46C8-82F7-F117925D8C4B}.Debug|x86.ActiveCfg = Debug|Win32
		{D3FD75C7-5C40-46C8-82F7-F117925D8C4B}.Debug|x86.Build.0 = Debug|Win32
		{D3FD75C7-5C40-46C8-82F7-F117925D8C4B}.Release|x64.ActiveCfg = Release|x64
		{D3FD75C7-5C40-46C8-82F7-F117925D8C4B}.Release|x64.Build.0 = Release|x64
		{D3FD75C7-5C40-46C8-82F7-F117925D8C4B}.Release|x86.ActiveCfg = Release|Win32
		{D3FD75C7-5C40-46C8-82F7-F117925D8C4B}.Release|x86.Build.0 = Release|Win32
		{4A885657-85EB-4A04-A781-B27ABBE7BEB9}.Debug|x64.ActiveCfg = Debug|x64
		{4A885657-85EB-4A04-A781-B27ABBE7BEB9}.Debug|x64.Build.0 = Debug|x64
		{4A885657-85EB-4A04-A781-B27ABBE7BEB9}.Debug|x86.ActiveCfg = Debug|Win32
		{4A885657-85EB-4A04-A781-B27ABBE7BEB9}.Debug|x86.Build.0 = Debug|Win32
		{4A885657-85EB-4A04-A781-B27ABBE7BEB9}.Release|x64.ActiveCfg = Release|x64
		{4A885657-85EB-4A04-A781-B27ABBE7BEB9}.Release|x64.Build.0 = Release|x64
		{4A885657-85EB-4A04-A781-B27ABBE7BEB9}.Release|x86.ActiveCfg = Release|Win32
		{4A885657-85EB-4A04-A781-B27ABBE7BEB9}.Release|x86.Build.0 = Release|Win32
		{F390E358-3499-48DB-91BB-99F877B1F4A4}.Debug|x64.ActiveCfg = Debug|x64
		{F390E358-3499-48DB-91BB-99F877B1F4A4}.Debug|x64.Build.0 = Debug|x64
		{F390E358-3499-48DB-91BB-99F877B1F4A4}.Debug|x86.ActiveCfg = Debug|Win32
		{F390E358-3499-48DB-91BB-99F877B1F4A4}.Debug|x86.Build.0 = Debug|Win32
		{F390E358-3499-48DB-91BB-99F877B1F4A4}.Release|x64.ActiveCfg = Release|x64
		{F390E358-3499-48DB-91BB-99F877B1F4A4}.Release|x64.Build.0 = Release|x64
		{F390E358-3499-48DB-91BB-99F877B1F4A4}.Release|x86.ActiveCfg = Release|Win32
		{F390E358-3499-48DB-91BB-99F877B1F4A4}.Release|x86.Build.0 = Release|Win32
		{D85495C6-C64E-4737-8862-34A0913CC182}.Debug|x64.ActiveCfg = Debug|x64
		{D85495C6-C64E-4737-8862-34A0913CC182}.Debug|x64.Build.0 = Debug|x64
		{D85495C6-C64E-4737-8862-34A0913CC182}.Debug|x86.ActiveCfg = Debug|Win32
		{D85495C6-C64E-4737-8862-34A0913CC182}.Debug|x86.Build.0 = Debug|Win32
		{D85495C6-C64E-4737-8862-34A0913CC182}.Release|x64.ActiveCfg = Release|x64
		{D85495C6-C64E-4737-8862-34A0913CC182}.Release|x64.Build.0 = Release|x64
		{D85495C6-C64E-4737-8862-34A0913CC182}.Release|x86.ActiveCfg = Release|Win32
		{D85495C6-C64E-4737-8862-34A0913CC182}.Release|x86.Build.0 = Release|Win32
		{D1D77465-5DA2-4D87-B109-BD694942F31F}.Debug|x64.ActiveCfg = Debug|x64
		{D1D77465-5DA2-4D87-B109-BD694942F31F}.Debug|x64.Build.0 = Debug|x64
		{D1D77465-5DA2-4D87-B109-BD694942F31F}.Debug|x86.ActiveCfg = Debug|Win32
		{D1D77465-5DA2-4D87-B109-BD694942F31F}.Debug|x86.Build.0 = Debug|Win32
		{D1D77465-5DA2-4D87-B109-BD694942F31F}.Release|x64.ActiveCfg = Release|x64
		{D1D77465-5DA2-4D87-B109-BD694942F31F}.Release|x64.Build.0 = Release|x64
		{D1D77465-5DA2-4D87-B109-BD694942F31F}.Release|x86.ActiveCfg = Release|Win32
		{D1D77465-5DA2-4D87-B109-BD694942F31F}.Release|x86.Build.0 = Release|Win32
		{1BA07578-790A-4E00-9869-BD0284506984}.Debug|x64.ActiveCfg = Debug|x64
		{1BA07578-790A-4E00-9869-BD0284506984}.Debug|x64.Build.0 = Debug|x64
		{1BA07578-790A-4E00-9869-BD0284506984}.Debug|x86.ActiveCfg = Debug|Win32
		{1BA07578-790A-4E00-9869-BD0284506984}.Debug|x86.Build.0 = Debug|Win32
		{1BA07578-790A-4E00-9869-BD0284506984}.Release|x64.ActiveCfg = Release|x64
		{1BA07578-790A-4E00-9869-BD0284506984}.Release|x64.Build.0 = Release|x64
		{1BA07578-790A-4E00-9869-BD0284506984}.Release|x86.ActiveCfg = Release|Win32
		{1BA07578-790A-4E00-9869-BD0284506984}.Release|x86.Build.0 = Release|Win32
		{C5D30FDB-6347-4D2E-AE61-4ED491033803}.Debug|x64.ActiveCfg = Debug|x64
		{C5D30FDB-6347-4D2E-AE61-4ED491033803}.Debug|x64.Build.0 = Debug|x64
		{C5D30FDB-6347-4D2E-AE61-4ED491033803}.Debug|x86.ActiveCfg = Debug|Win32
		{C5D30FDB-6347-4D2E-AE61-4ED491033803}.Debug|x86.Build.0 = Debug|Win32
		{C5D30FDB-6347-4D2E-AE61-4ED491033803}.Release|x64.ActiveCfg = Release|x64
		{C5D30FDB-6347-4D2E-AE61-4ED491033803}.Release|x64.Build.0 = Release|x64
		{C5D30FDB-6347-4D2E-AE61-4ED491033803}.Release|x86.ActiveCfg = Release|Win32
		{C5D30FDB-6347-4D2E-AE61-4ED491033803}.Release|x86.Build.0 = Release|Win32
		{2542C0FE-D3C7-4584-A940-2461BC30723E}.Debug|x64.ActiveCfg = Debug|x64
		{2542C0FE-D3C7-4584-A940-2461BC30723E}.Debug|x64.Build.0 = Debug|x64
		{2542C0FE-D3C7-4584-A940-2461BC30723E}.Debug|x86.ActiveCfg = Debug|Win32
		{2542C0FE-D3C7-4584-A940-2461BC30723E}.Debug|x86.Build.0 = Debug|Win32
		{2542C0FE-D3C7-4584-A940-2461BC30723E}.Release|x64.ActiveCfg = Release|x64
		{2542C0FE-D3C7-4584-A940-2461BC30723E}.Release|x64.Build.0 = Release|x64
		{2542C0FE-D3C7-4584-A940-2461BC30723E}.Release|x86.ActiveCfg = Release|Win32
		{2542C0FE-D3C7-4584-A940-2461BC30723E}.Release|x86.Build.0 = Release|Win32
		{D2B62DDD-D1B5-432B-866D-C2193D62E94D}.Debug|x64.ActiveCfg = Debug|x64
		{D2B62DDD-D1B5-432B-866D-C2193D62E94D}.Debug|x64.Build.0 = Debug|x64
		{D2B62DDD-D1B5-432B-866D-C2193D62E94D}.Debug|x86.ActiveCfg = Debug|Win32
		{D2B62DDD-D1B5-432B-866D-C2193D62E94D}.Debug|x86.Build.0 = Debug|Win32
		{D2B62DDD-D1B5-432B-866D-C2193D62E94D}.Release|x64.ActiveCfg = Release|x64
		{D2B62DDD-D1B5-432B-866D-C2193D62E94D}.Release|x64.Build.0 = Release|x64
		{D2B62DDD-D1B5-432B-866D-C2193D62E94D}.Release|x86.ActiveCfg = Release|Win32
		{D2B62DDD-D1B5-432B-866D-C2193D62E94D}.Release|x86.Build.0 = Release|Win32
		{3B9CC556-E869-4353-BDC9-11D587E1FC95}.Debug|x64.ActiveCfg = Debug|x64
		{3B9CC556-E869-4353-BDC9-11D587E1FC95}.Debug|x64.Build.0 = Debug|x64
		{3B9CC556-E869-4353-BDC9-11D587E1FC95}.Debug|x86.ActiveCfg = Debug|Win32
		{3B9CC556-E869-4353-BDC9-11D587E1FC95}.Debug|x86.Build.0 = Debug|Win32
		{3B9CC556-E869-4353-BDC9-11D587E1FC95}.Release|x64.ActiveCfg = Release|x64
		{3B9CC556-E869-4353-BDC9-11D587E1FC95}.Release|x64.Build.0 = Release|x64
		{3B9CC556-E869-4353-BDC9-11D587E1FC95}.Release|x86.ActiveCfg = Release|Win32
		{3B9CC556-E869-4353-BDC9-11D587E1FC95}.Release|x86.Build.0 = Release|Win32
		{8224A7DE-466B-4BB2-A887-6AAEDD05F8D4}.Debug|x64.ActiveCfg = Debug|x64
		{8224A7DE-466B-4BB2-A887-6AAEDD05F8D4}.Debug|x64.Build.0 = Debug|x64
		{8224A7DE-466B-4BB2-A887-6AAEDD05F8D4}.Debug|x86.ActiveCfg = Debug|Win32
		{8224A7DE-466B-4BB2-A887-6AAEDD05F8D4}.Debug|x86.Build.0 = Debug|Win32
		{8224A7DE-466B-4BB2-A887-6AAEDD05F8D4}.Release|x64.ActiveCfg = Release|x64
		{8224A7DE-466B-4BB2-A887-6AAEDD05F8D4}.Release|x64.Build.0 = Release|x64
		{8224A7DE-466B-4BB2-A887-6AAEDD05F8D4}.Release|x86.ActiveCfg = Release|Win32
		{8224A7DE-466B-4BB2-A887-6AAEDD05F8D4}.Release|x86.Build.0 = Release|Win32
		{93E22833-5EBC-4DE5-9B9D-FB37D5F1DA59}.Debug|x64.ActiveCfg = Debug|x64
		{93E22833-5EBC-4DE5-9B9D-FB37D5F1DA59}.Debug|x64.Build.0 = Debug|x64
		{93E22833-5EBC-4DE5-9B9D-FB37D5F1DA59}.Debug|x86.ActiveCfg = Debug|Win32
		{93E22833-5EBC-4DE5-9B9D-FB37D5F1DA59}.Debug|x86.Build.0 = Debug|Win32
		{93E22833-5EBC-4DE5-9B9D-FB37D5F1DA59}.Release|x64.ActiveCfg = Release|x64
		{93E22833-5EBC-4DE5-9B9D-FB37D5F1DA59}.Release|x64.Build.0 = Release|x64
		{93E22833-5EBC-4DE5-9B9D-FB37D5F1DA59}.Release|x86.ActiveCfg = Release|Win32
		{93E22833-5EBC-4DE5-9B9D-FB37D5F1DA59}.Release|x86.Build.0 = Release|Win32
		{7F95FAAC-F197-4D0A-A312-C300D2DDF4CB}.Debug|x64.ActiveCfg = Debug|x64
		{7F95FAAC-F197-4D0A-A312-C300D2DDF4CB}.Debug|x64.Build.0 = Debug|x64
		{7F95FAAC-F197-4D0A-A312-C300D2DDF4CB}.Debug|x86.ActiveCfg = Debug|Win32
		{7F95FAAC-F197-4D0A-A312-C300D2DDF4CB}.Debug|x86.Build.0 = Debug|Win32
		{7F95FAAC-F197-4D0A-A312-C300D2DDF4CB}.Release|x64.ActiveCfg = Release|x64
		{7F95FAAC-F197-4D0A-A312-C300D2DDF4CB}.Release|x64.Build.0 = Release|x64
		{7F95FAAC-F197-4D0A-A312-C300D2DDF4CB}.Release|x86.ActiveCfg = Release|Win32
		{7F95FAAC-F197-4D0A-A312-C300D2DDF4CB}.Release|x86.Build.0 = Release|Win32
	EndGlobalSection
	GlobalSection(SolutionProperties) = preSolution
		HideSolutionNode = FALSE
	EndGlobalSection
	GlobalSection(ExtensibilityGlobals) = postSolution
		SolutionGuid = {D0BECE4A-8561-4AC8-B683-7C8ACF22626B}
	EndGlobalSection
EndGlobal
